
Microsoft Visual Studio Solution File, Format Version 12.00
# Visual Studio 2015
Project("{FAE04EC0-301F-11D3-BF4B-00C04F79EFBC}") = "ClassProject02-SimpleSample.CSharp.Plugins", "ClassProject02-SimpleSample.CSharp.Plugins.csproj", "{B02C87D3-F746-B0C1-8882-7918434D37FB}"
EndProject
Project("{FAE04EC0-301F-11D3-BF4B-00C04F79EFBC}") = "ClassProject02-SimpleSample.CSharp", "ClassProject02-SimpleSample.CSharp.csproj", "{252ACA71-71DD-0BAD-8C8B-BE7D7087A73B}"
EndProject
Global
	GlobalSection(SolutionConfigurationPlatforms) = preSolution
		Debug|Any CPU = Debug|Any CPU
		Release|Any CPU = Release|Any CPU
	EndGlobalSection
	GlobalSection(ProjectConfigurationPlatforms) = postSolution
		{B02C87D3-F746-B0C1-8882-7918434D37FB}.Debug|Any CPU.ActiveCfg = Debug|Any CPU
		{B02C87D3-F746-B0C1-8882-7918434D37FB}.Debug|Any CPU.Build.0 = Debug|Any CPU
		{B02C87D3-F746-B0C1-8882-7918434D37FB}.Release|Any CPU.ActiveCfg = Release|Any CPU
		{B02C87D3-F746-B0C1-8882-7918434D37FB}.Release|Any CPU.Build.0 = Release|Any CPU
		{252ACA71-71DD-0BAD-8C8B-BE7D7087A73B}.Debug|Any CPU.ActiveCfg = Debug|Any CPU
		{252ACA71-71DD-0BAD-8C8B-BE7D7087A73B}.Debug|Any CPU.Build.0 = Debug|Any CPU
		{252ACA71-71DD-0BAD-8C8B-BE7D7087A73B}.Release|Any CPU.ActiveCfg = Release|Any CPU
		{252ACA71-71DD-0BAD-8C8B-BE7D7087A73B}.Release|Any CPU.Build.0 = Release|Any CPU
	EndGlobalSection
	GlobalSection(SolutionProperties) = preSolution
		HideSolutionNode = FALSE
	EndGlobalSection
EndGlobal
